// !$*UTF8*$!
{
	archiveVersion = 1;
	classes = {
	};
	objectVersion = 50;
	objects = {

/* Begin PBXBuildFile section */
		48C6585F26C3844A00B75E00 /* AppDelegate.swift in Sources */ = {isa = PBXBuildFile; fileRef = 48C6585E26C3844A00B75E00 /* AppDelegate.swift */; };
		48C6586126C3844A00B75E00 /* SceneDelegate.swift in Sources */ = {isa = PBXBuildFile; fileRef = 48C6586026C3844A00B75E00 /* SceneDelegate.swift */; };
		48C6586326C3844A00B75E00 /* ViewController.swift in Sources */ = {isa = PBXBuildFile; fileRef = 48C6586226C3844A00B75E00 /* ViewController.swift */; };
		48C6586626C3844A00B75E00 /* Main.storyboard in Resources */ = {isa = PBXBuildFile; fileRef = 48C6586426C3844A00B75E00 /* Main.storyboard */; };
		48C6586826C3844B00B75E00 /* Assets.xcassets in Resources */ = {isa = PBXBuildFile; fileRef = 48C6586726C3844B00B75E00 /* Assets.xcassets */; };
		48C6586B26C3844B00B75E00 /* LaunchScreen.storyboard in Resources */ = {isa = PBXBuildFile; fileRef = 48C6586926C3844B00B75E00 /* LaunchScreen.storyboard */; };
		48C6589326C39B4F00B75E00 /* firstPage.swift in Sources */ = {isa = PBXBuildFile; fileRef = 48C6589226C39B4F00B75E00 /* firstPage.swift */; };
		48C6589526C3CDA200B75E00 /* secondPage.swift in Sources */ = {isa = PBXBuildFile; fileRef = 48C6589426C3CDA200B75E00 /* secondPage.swift */; };
		48F1EB3B26C4C5BF00EEA91B /* thirdPage.swift in Sources */ = {isa = PBXBuildFile; fileRef = 48F1EB3A26C4C5BF00EEA91B /* thirdPage.swift */; };
		48F1EB3F26C4D86300EEA91B /* TableViewController.swift in Sources */ = {isa = PBXBuildFile; fileRef = 48F1EB3E26C4D86300EEA91B /* TableViewController.swift */; };
		48F1EB4226C4D8A000EEA91B /* TableViewCell.swift in Sources */ = {isa = PBXBuildFile; fileRef = 48F1EB4026C4D8A000EEA91B /* TableViewCell.swift */; };
		48F1EB4326C4D8A000EEA91B /* TableViewCell.xib in Resources */ = {isa = PBXBuildFile; fileRef = 48F1EB4126C4D8A000EEA91B /* TableViewCell.xib */; };
		48F1EB4626C4E59E00EEA91B /* DataModel.xcdatamodeld in Sources */ = {isa = PBXBuildFile; fileRef = 48F1EB4426C4E59E00EEA91B /* DataModel.xcdatamodeld */; };
		48F1EB6B26C52A5000EEA91B /* fourthPage.swift in Sources */ = {isa = PBXBuildFile; fileRef = 48F1EB6A26C52A5000EEA91B /* fourthPage.swift */; };
/* End PBXBuildFile section */

/* Begin PBXFileReference section */
		48C6585B26C3844A00B75E00 /* QuizApp.app */ = {isa = PBXFileReference; explicitFileType = wrapper.application; includeInIndex = 0; path = QuizApp.app; sourceTree = BUILT_PRODUCTS_DIR; };
		48C6585E26C3844A00B75E00 /* AppDelegate.swift */ = {isa = PBXFileReference; lastKnownFileType = sourcecode.swift; path = AppDelegate.swift; sourceTree = "<group>"; };
		48C6586026C3844A00B75E00 /* SceneDelegate.swift */ = {isa = PBXFileReference; lastKnownFileType = sourcecode.swift; path = SceneDelegate.swift; sourceTree = "<group>"; };
		48C6586226C3844A00B75E00 /* ViewController.swift */ = {isa = PBXFileReference; lastKnownFileType = sourcecode.swift; path = ViewController.swift; sourceTree = "<group>"; };
		48C6586526C3844A00B75E00 /* Base */ = {isa = PBXFileReference; lastKnownFileType = file.storyboard; name = Base; path = Base.lproj/Main.storyboard; sourceTree = "<group>"; };
		48C6586726C3844B00B75E00 /* Assets.xcassets */ = {isa = PBXFileReference; lastKnownFileType = folder.assetcatalog; path = Assets.xcassets; sourceTree = "<group>"; };
		48C6586A26C3844B00B75E00 /* Base */ = {isa = PBXFileReference; lastKnownFileType = file.storyboard; name = Base; path = Base.lproj/LaunchScreen.storyboard; sourceTree = "<group>"; };
		48C6586C26C3844B00B75E00 /* Info.plist */ = {isa = PBXFileReference; lastKnownFileType = text.plist.xml; path = Info.plist; sourceTree = "<group>"; };
		48C6589226C39B4F00B75E00 /* firstPage.swift */ = {isa = PBXFileReference; lastKnownFileType = sourcecode.swift; path = firstPage.swift; sourceTree = "<group>"; };
		48C6589426C3CDA200B75E00 /* secondPage.swift */ = {isa = PBXFileReference; lastKnownFileType = sourcecode.swift; path = secondPage.swift; sourceTree = "<group>"; };
		48F1EB3A26C4C5BF00EEA91B /* thirdPage.swift */ = {isa = PBXFileReference; lastKnownFileType = sourcecode.swift; path = thirdPage.swift; sourceTree = "<group>"; };
		48F1EB3E26C4D86300EEA91B /* TableViewController.swift */ = {isa = PBXFileReference; lastKnownFileType = sourcecode.swift; path = TableViewController.swift; sourceTree = "<group>"; };
		48F1EB4026C4D8A000EEA91B /* TableViewCell.swift */ = {isa = PBXFileReference; lastKnownFileType = sourcecode.swift; path = TableViewCell.swift; sourceTree = "<group>"; };
		48F1EB4126C4D8A000EEA91B /* TableViewCell.xib */ = {isa = PBXFileReference; lastKnownFileType = file.xib; path = TableViewCell.xib; sourceTree = "<group>"; };
		48F1EB4526C4E59E00EEA91B /* DataModel.xcdatamodel */ = {isa = PBXFileReference; lastKnownFileType = wrapper.xcdatamodel; path = DataModel.xcdatamodel; sourceTree = "<group>"; };
		48F1EB6A26C52A5000EEA91B /* fourthPage.swift */ = {isa = PBXFileReference; lastKnownFileType = sourcecode.swift; path = fourthPage.swift; sourceTree = "<group>"; };
/* End PBXFileReference section */

/* Begin PBXFrameworksBuildPhase section */
		48C6585826C3844A00B75E00 /* Frameworks */ = {
			isa = PBXFrameworksBuildPhase;
			buildActionMask = 2147483647;
			files = (
			);
			runOnlyForDeploymentPostprocessing = 0;
		};
/* End PBXFrameworksBuildPhase section */

/* Begin PBXGroup section */
		48C6585226C3844A00B75E00 = {
			isa = PBXGroup;
			children = (
				48C6585D26C3844A00B75E00 /* QuizApp */,
				48C6585C26C3844A00B75E00 /* Products */,
			);
			sourceTree = "<group>";
		};
		48C6585C26C3844A00B75E00 /* Products */ = {
			isa = PBXGroup;
			children = (
				48C6585B26C3844A00B75E00 /* QuizApp.app */,
			);
			name = Products;
			sourceTree = "<group>";
		};
		48C6585D26C3844A00B75E00 /* QuizApp */ = {
			isa = PBXGroup;
			children = (
				48C6585E26C3844A00B75E00 /* AppDelegate.swift */,
				48C6586026C3844A00B75E00 /* SceneDelegate.swift */,
				48C6586226C3844A00B75E00 /* ViewController.swift */,
				48C6586426C3844A00B75E00 /* Main.storyboard */,
				48C6586726C3844B00B75E00 /* Assets.xcassets */,
				48C6586926C3844B00B75E00 /* LaunchScreen.storyboard */,
				48C6586C26C3844B00B75E00 /* Info.plist */,
				48C6589226C39B4F00B75E00 /* firstPage.swift */,
				48C6589426C3CDA200B75E00 /* secondPage.swift */,
				48F1EB3A26C4C5BF00EEA91B /* thirdPage.swift */,
				48F1EB3E26C4D86300EEA91B /* TableViewController.swift */,
				48F1EB4026C4D8A000EEA91B /* TableViewCell.swift */,
				48F1EB4126C4D8A000EEA91B /* TableViewCell.xib */,
				48F1EB4426C4E59E00EEA91B /* DataModel.xcdatamodeld */,
				48F1EB6A26C52A5000EEA91B /* fourthPage.swift */,
			);
			path = QuizApp;
			sourceTree = "<group>";
		};
/* End PBXGroup section */

/* Begin PBXNativeTarget section */
		48C6585A26C3844A00B75E00 /* QuizApp */ = {
			isa = PBXNativeTarget;
			buildConfigurationList = 48C6586F26C3844B00B75E00 /* Build configuration list for PBXNativeTarget "QuizApp" */;
			buildPhases = (
				48C6585726C3844A00B75E00 /* Sources */,
				48C6585826C3844A00B75E00 /* Frameworks */,
				48C6585926C3844A00B75E00 /* Resources */,
			);
			buildRules = (
			);
			dependencies = (
			);
			name = QuizApp;
			productName = QuizApp;
			productReference = 48C6585B26C3844A00B75E00 /* QuizApp.app */;
			productType = "com.apple.product-type.application";
		};
/* End PBXNativeTarget section */

/* Begin PBXProject section */
		48C6585326C3844A00B75E00 /* Project object */ = {
			isa = PBXProject;
			attributes = {
				LastSwiftUpdateCheck = 1250;
				LastUpgradeCheck = 1250;
				TargetAttributes = {
					48C6585A26C3844A00B75E00 = {
						CreatedOnToolsVersion = 12.5.1;
					};
				};
			};
			buildConfigurationList = 48C6585626C3844A00B75E00 /* Build configuration list for PBXProject "QuizApp" */;
			compatibilityVersion = "Xcode 9.3";
			developmentRegion = en;
			hasScannedForEncodings = 0;
			knownRegions = (
				en,
				Base,
			);
			mainGroup = 48C6585226C3844A00B75E00;
			productRefGroup = 48C6585C26C3844A00B75E00 /* Products */;
			projectDirPath = "";
			projectRoot = "";
			targets = (
				48C6585A26C3844A00B75E00 /* QuizApp */,
			);
		};
/* End PBXProject section */

/* Begin PBXResourcesBuildPhase section */
		48C6585926C3844A00B75E00 /* Resources */ = {
			isa = PBXResourcesBuildPhase;
			buildActionMask = 2147483647;
			files = (
				48C6586B26C3844B00B75E00 /* LaunchScreen.storyboard in Resources */,
				48F1EB4326C4D8A000EEA91B /* TableViewCell.xib in Resources */,
				48C6586826C3844B00B75E00 /* Assets.xcassets in Resources */,
				48C6586626C3844A00B75E00 /* Main.storyboard in Resources */,
			);
			runOnlyForDeploymentPostprocessing = 0;
		};
/* End PBXResourcesBuildPhase section */

/* Begin PBXSourcesBuildPhase section */
		48C6585726C3844A00B75E00 /* Sources */ = {
			isa = PBXSourcesBuildPhase;
			buildActionMask = 2147483647;
			files = (
				48F1EB3B26C4C5BF00EEA91B /* thirdPage.swift in Sources */,
				48F1EB4226C4D8A000EEA91B /* TableViewCell.swift in Sources */,
				48F1EB3F26C4D86300EEA91B /* TableViewController.swift in Sources */,
				48C6586326C3844A00B75E00 /* ViewController.swift in Sources */,
				48F1EB6B26C52A5000EEA91B /* fourthPage.swift in Sources */,
				48C6589526C3CDA200B75E00 /* secondPage.swift in Sources */,
				48C6585F26C3844A00B75E00 /* AppDelegate.swift in Sources */,
				48F1EB4626C4E59E00EEA91B /* DataModel.xcdatamodeld in Sources */,
				48C6586126C3844A00B75E00 /* SceneDelegate.swift in Sources */,
				48C6589326C39B4F00B75E00 /* firstPage.swift in Sources */,
			);
			runOnlyForDeploymentPostprocessing = 0;
		};
/* End PBXSourcesBuildPhase section */

/* Begin PBXVariantGroup section */
		48C6586426C3844A00B75E00 /* Main.storyboard */ = {
			isa = PBXVariantGroup;
			children = (
				48C6586526C3844A00B75E00 /* Base */,
			);
			name = Main.storyboard;
			sourceTree = "<group>";
		};
		48C6586926C3844B00B75E00 /* LaunchScreen.storyboard */ = {
			isa = PBXVariantGroup;
			children = (
				48C6586A26C3844B00B75E00 /* Base */,
			);
			name = LaunchScreen.storyboard;
			sourceTree = "<group>";
		};
/* End PBXVariantGroup section */

/* Begin XCBuildConfiguration section */
		48C6586D26C3844B00B75E00 /* Debug */ = {
			isa = XCBuildConfiguration;
			buildSettings = {
				ALWAYS_SEARCH_USER_PATHS = NO;
				CLANG_ANALYZER_NONNULL = YES;
				CLANG_ANALYZER_NUMBER_OBJECT_CONVERSION = YES_AGGRESSIVE;
				CLANG_CXX_LANGUAGE_STANDARD = "gnu++14";
				CLANG_CXX_LIBRARY = "libc++";
				CLANG_ENABLE_MODULES = YES;
				CLANG_ENABLE_OBJC_ARC = YES;
				CLANG_ENABLE_OBJC_WEAK = YES;
				CLANG_WARN_BLOCK_CAPTURE_AUTORELEASING = YES;
				CLANG_WARN_BOOL_CONVERSION = YES;
				CLANG_WARN_COMMA = YES;
				CLANG_WARN_CONSTANT_CONVERSION = YES;
				CLANG_WARN_DEPRECATED_OBJC_IMPLEMENTATIONS = YES;
				CLANG_WARN_DIRECT_OBJC_ISA_USAGE = YES_ERROR;
				CLANG_WARN_DOCUMENTATION_COMMENTS = YES;
				CLANG_WARN_EMPTY_BODY = YES;
				CLANG_WARN_ENUM_CONVERSION = YES;
				CLANG_WARN_INFINITE_RECURSION = YES;
				CLANG_WARN_INT_CONVERSION = YES;
				CLANG_WARN_NON_LITERAL_NULL_CONVERSION = YES;
				CLANG_WARN_OBJC_IMPLICIT_RETAIN_SELF = YES;
				CLANG_WARN_OBJC_LITERAL_CONVERSION = YES;
				CLANG_WARN_OBJC_ROOT_CLASS = YES_ERROR;
				CLANG_WARN_QUOTED_INCLUDE_IN_FRAMEWORK_HEADER = YES;
				CLANG_WARN_RANGE_LOOP_ANALYSIS = YES;
				CLANG_WARN_STRICT_PROTOTYPES = YES;
				CLANG_WARN_SUSPICIOUS_MOVE = YES;
				CLANG_WARN_UNGUARDED_AVAILABILITY = YES_AGGRESSIVE;
				CLANG_WARN_UNREACHABLE_CODE = YES;
				CLANG_WARN__DUPLICATE_METHOD_MATCH = YES;
				COPY_PHASE_STRIP = NO;
				DEBUG_INFORMATION_FORMAT = dwarf;
				ENABLE_STRICT_OBJC_MSGSEND = YES;
				ENABLE_TESTABILITY = YES;
				GCC_C_LANGUAGE_STANDARD = gnu11;
				GCC_DYNAMIC_NO_PIC = NO;
				GCC_NO_COMMON_BLOCKS = YES;
				GCC_OPTIMIZATION_LEVEL = 0;
				GCC_PREPROCESSOR_DEFINITIONS = (
					"DEBUG=1",
					"$(inherited)",
				);
				GCC_WARN_64_TO_32_BIT_CONVERSION = YES;
				GCC_WARN_ABOUT_RETURN_TYPE = YES_ERROR;
				GCC_WARN_UNDECLARED_SELECTOR = YES;
				GCC_WARN_UNINITIALIZED_AUTOS = YES_AGGRESSIVE;
				GCC_WARN_UNUSED_FUNCTION = YES;
				GCC_WARN_UNUSED_VARIABLE = YES;
				IPHONEOS_DEPLOYMENT_TARGET = 14.5;
				MTL_ENABLE_DEBUG_INFO = INCLUDE_SOURCE;
				MTL_FAST_MATH = YES;
				ONLY_ACTIVE_ARCH = YES;
				SDKROOT = iphoneos;
				SWIFT_ACTIVE_COMPILATION_CONDITIONS = DEBUG;
				SWIFT_OPTIMIZATION_LEVEL = "-Onone";
			};
			name = Debug;
		};
		48C6586E26C3844B00B75E00 /* Release */ = {
			isa = XCBuildConfiguration;
			buildSettings = {
				ALWAYS_SEARCH_USER_PATHS = NO;
				CLANG_ANALYZER_NONNULL = YES;
				CLANG_ANALYZER_NUMBER_OBJECT_CONVERSION = YES_AGGRESSIVE;
				CLANG_CXX_LANGUAGE_STANDARD = "gnu++14";
				CLANG_CXX_LIBRARY = "libc++";
				CLANG_ENABLE_MODULES = YES;
				CLANG_ENABLE_OBJC_ARC = YES;
				CLANG_ENABLE_OBJC_WEAK = YES;
				CLANG_WARN_BLOCK_CAPTURE_AUTORELEASING = YES;
				CLANG_WARN_BOOL_CONVERSION = YES;
				CLANG_WARN_COMMA = YES;
				CLANG_WARN_CONSTANT_CONVERSION = YES;
				CLANG_WARN_DEPRECATED_OBJC_IMPLEMENTATIONS = YES;
				CLANG_WARN_DIRECT_OBJC_ISA_USAGE = YES_ERROR;
				CLANG_WARN_DOCUMENTATION_COMMENTS = YES;
				CLANG_WARN_EMPTY_BODY = YES;
				CLANG_WARN_ENUM_CONVERSION = YES;
				CLANG_WARN_INFINITE_RECURSION = YES;
				CLANG_WARN_INT_CONVERSION = YES;
				CLANG_WARN_NON_LITERAL_NULL_CONVERSION = YES;
				CLANG_WARN_OBJC_IMPLICIT_RETAIN_SELF = YES;
				CLANG_WARN_OBJC_LITERAL_CONVERSION = YES;
				CLANG_WARN_OBJC_ROOT_CLASS = YES_ERROR;
				CLANG_WARN_QUOTED_INCLUDE_IN_FRAMEWORK_HEADER = YES;
				CLANG_WARN_RANGE_LOOP_ANALYSIS = YES;
				CLANG_WARN_STRICT_PROTOTYPES = YES;
				CLANG_WARN_SUSPICIOUS_MOVE = YES;
				CLANG_WARN_UNGUARDED_AVAILABILITY = YES_AGGRESSIVE;
				CLANG_WARN_UNREACHABLE_CODE = YES;
				CLANG_WARN__DUPLICATE_METHOD_MATCH = YES;
				COPY_PHASE_STRIP = NO;
				DEBUG_INFORMATION_FORMAT = "dwarf-with-dsym";
				ENABLE_NS_ASSERTIONS = NO;
				ENABLE_STRICT_OBJC_MSGSEND = YES;
				GCC_C_LANGUAGE_STANDARD = gnu11;
				GCC_NO_COMMON_BLOCKS = YES;
				GCC_WARN_64_TO_32_BIT_CONVERSION = YES;
				GCC_WARN_ABOUT_RETURN_TYPE = YES_ERROR;
				GCC_WARN_UNDECLARED_SELECTOR = YES;
				GCC_WARN_UNINITIALIZED_AUTOS = YES_AGGRESSIVE;
				GCC_WARN_UNUSED_FUNCTION = YES;
				GCC_WARN_UNUSED_VARIABLE = YES;
				IPHONEOS_DEPLOYMENT_TARGET = 14.5;
				MTL_ENABLE_DEBUG_INFO = NO;
				MTL_FAST_MATH = YES;
				SDKROOT = iphoneos;
				SWIFT_COMPILATION_MODE = wholemodule;
				SWIFT_OPTIMIZATION_LEVEL = "-O";
				VALIDATE_PRODUCT = YES;
			};
			name = Release;
		};
		48C6587026C3844B00B75E00 /* Debug */ = {
			isa = XCBuildConfiguration;
			buildSettings = {
				ASSETCATALOG_COMPILER_APPICON_NAME = AppIcon;
				ASSETCATALOG_COMPILER_GLOBAL_ACCENT_COLOR_NAME = AccentColor;
				CODE_SIGN_STYLE = Automatic;
				DEVELOPMENT_TEAM = C9K6BAGF4N;
				INFOPLIST_FILE = QuizApp/Info.plist;
				LD_RUNPATH_SEARCH_PATHS = (
					"$(inherited)",
					"@executable_path/Frameworks",
				);
				PRODUCT_BUNDLE_IDENTIFIER = com.aditya.QuizApp;
				PRODUCT_NAME = "$(TARGET_NAME)";
				SWIFT_VERSION = 5.0;
				TARGETED_DEVICE_FAMILY = "1,2";
			};
			name = Debug;
		};
		48C6587126C3844B00B75E00 /* Release */ = {
			isa = XCBuildConfiguration;
			buildSettings = {
				ASSETCATALOG_COMPILER_APPICON_NAME = AppIcon;
				ASSETCATALOG_COMPILER_GLOBAL_ACCENT_COLOR_NAME = AccentColor;
				CODE_SIGN_STYLE = Automatic;
				DEVELOPMENT_TEAM = C9K6BAGF4N;
				INFOPLIST_FILE = QuizApp/Info.plist;
				LD_RUNPATH_SEARCH_PATHS = (
					"$(inherited)",
					"@executable_path/Frameworks",
				);
				PRODUCT_BUNDLE_IDENTIFIER = com.aditya.QuizApp;
				PRODUCT_NAME = "$(TARGET_NAME)";
				SWIFT_VERSION = 5.0;
				TARGETED_DEVICE_FAMILY = "1,2";
			};
			name = Release;
		};
/* End XCBuildConfiguration section */

/* Begin XCConfigurationList section */
		48C6585626C3844A00B75E00 /* Build configuration list for PBXProject "QuizApp" */ = {
			isa = XCConfigurationList;
			buildConfigurations = (
				48C6586D26C3844B00B75E00 /* Debug */,
				48C6586E26C3844B00B75E00 /* Release */,
			);
			defaultConfigurationIsVisible = 0;
			defaultConfigurationName = Release;
		};
		48C6586F26C3844B00B75E00 /* Build configuration list for PBXNativeTarget "QuizApp" */ = {
			isa = XCConfigurationList;
			buildConfigurations = (
				48C6587026C3844B00B75E00 /* Debug */,
				48C6587126C3844B00B75E00 /* Release */,
			);
			defaultConfigurationIsVisible = 0;
			defaultConfigurationName = Release;
		};
/* End XCConfigurationList section */

/* Begin XCVersionGroup section */
		48F1EB4426C4E59E00EEA91B /* DataModel.xcdatamodeld */ = {
			isa = XCVersionGroup;
			children = (
				48F1EB4526C4E59E00EEA91B /* DataModel.xcdatamodel */,
			);
			currentVersion = 48F1EB4526C4E59E00EEA91B /* DataModel.xcdatamodel */;
			path = DataModel.xcdatamodeld;
			sourceTree = "<group>";
			versionGroupType = wrapper.xcdatamodel;
		};
/* End XCVersionGroup section */
	};
	rootObject = 48C6585326C3844A00B75E00 /* Project object */;
}
